// !$*UTF8*$!
{
	archiveVersion = 1;
	classes = {
	};
	objectVersion = 46;
	objects = {

/* Begin PBXBuildFile section */
		10B516BF1BBAC661009E177A /* AppDelegate.swift in Sources */ = {isa = PBXBuildFile; fileRef = 10B516BE1BBAC661009E177A /* AppDelegate.swift */; };
		10B516C61BBAC661009E177A /* Main.storyboard in Resources */ = {isa = PBXBuildFile; fileRef = 10B516C41BBAC661009E177A /* Main.storyboard */; };
		10B516C81BBAC661009E177A /* Assets.xcassets in Resources */ = {isa = PBXBuildFile; fileRef = 10B516C71BBAC661009E177A /* Assets.xcassets */; };
		10B516CB1BBAC661009E177A /* LaunchScreen.storyboard in Resources */ = {isa = PBXBuildFile; fileRef = 10B516C91BBAC661009E177A /* LaunchScreen.storyboard */; };
		10B516D61BBAC661009E177A /* Gantt_Street_Baptist_ChurchTests.swift in Sources */ = {isa = PBXBuildFile; fileRef = 10B516D51BBAC661009E177A /* Gantt_Street_Baptist_ChurchTests.swift */; };
		10B516E11BBAC661009E177A /* Gantt_Street_Baptist_ChurchUITests.swift in Sources */ = {isa = PBXBuildFile; fileRef = 10B516E01BBAC661009E177A /* Gantt_Street_Baptist_ChurchUITests.swift */; };
		10CDF3481BBB75D3003224F8 /* MainViewController.swift in Sources */ = {isa = PBXBuildFile; fileRef = 10CDF3471BBB75D3003224F8 /* MainViewController.swift */; settings = {ASSET_TAGS = (); }; };
		5E6768F11BC766940057CB23 /* MediaPlayer.framework in Frameworks */ = {isa = PBXBuildFile; fileRef = 5E6768F01BC766940057CB23 /* MediaPlayer.framework */; };
/* End PBXBuildFile section */

/* Begin PBXContainerItemProxy section */
		10B516D21BBAC661009E177A /* PBXContainerItemProxy */ = {
			isa = PBXContainerItemProxy;
			containerPortal = 10B516B31BBAC661009E177A /* Project object */;
			proxyType = 1;
			remoteGlobalIDString = 10B516BA1BBAC661009E177A;
			remoteInfo = "Gantt Street Baptist Church";
		};
		10B516DD1BBAC661009E177A /* PBXContainerItemProxy */ = {
			isa = PBXContainerItemProxy;
			containerPortal = 10B516B31BBAC661009E177A /* Project object */;
			proxyType = 1;
			remoteGlobalIDString = 10B516BA1BBAC661009E177A;
			remoteInfo = "Gantt Street Baptist Church";
		};
/* End PBXContainerItemProxy section */

/* Begin PBXFileReference section */
		10B516BB1BBAC661009E177A /* Gantt Street Baptist Church.app */ = {isa = PBXFileReference; explicitFileType = wrapper.application; includeInIndex = 0; path = "Gantt Street Baptist Church.app"; sourceTree = BUILT_PRODUCTS_DIR; };
		10B516BE1BBAC661009E177A /* AppDelegate.swift */ = {isa = PBXFileReference; lastKnownFileType = sourcecode.swift; path = AppDelegate.swift; sourceTree = "<group>"; };
		10B516C51BBAC661009E177A /* Base */ = {isa = PBXFileReference; lastKnownFileType = file.storyboard; name = Base; path = Base.lproj/Main.storyboard; sourceTree = "<group>"; };
		10B516C71BBAC661009E177A /* Assets.xcassets */ = {isa = PBXFileReference; lastKnownFileType = folder.assetcatalog; path = Assets.xcassets; sourceTree = "<group>"; };
		10B516CA1BBAC661009E177A /* Base */ = {isa = PBXFileReference; lastKnownFileType = file.storyboard; name = Base; path = Base.lproj/LaunchScreen.storyboard; sourceTree = "<group>"; };
		10B516CC1BBAC661009E177A /* Info.plist */ = {isa = PBXFileReference; lastKnownFileType = text.plist.xml; path = Info.plist; sourceTree = "<group>"; };
		10B516D11BBAC661009E177A /* Gantt Street Baptist ChurchTests.xctest */ = {isa = PBXFileReference; explicitFileType = wrapper.cfbundle; includeInIndex = 0; path = "Gantt Street Baptist ChurchTests.xctest"; sourceTree = BUILT_PRODUCTS_DIR; };
		10B516D51BBAC661009E177A /* Gantt_Street_Baptist_ChurchTests.swift */ = {isa = PBXFileReference; lastKnownFileType = sourcecode.swift; path = Gantt_Street_Baptist_ChurchTests.swift; sourceTree = "<group>"; };
		10B516D71BBAC661009E177A /* Info.plist */ = {isa = PBXFileReference; lastKnownFileType = text.plist.xml; path = Info.plist; sourceTree = "<group>"; };
		10B516DC1BBAC661009E177A /* Gantt Street Baptist ChurchUITests.xctest */ = {isa = PBXFileReference; explicitFileType = wrapper.cfbundle; includeInIndex = 0; path = "Gantt Street Baptist ChurchUITests.xctest"; sourceTree = BUILT_PRODUCTS_DIR; };
		10B516E01BBAC661009E177A /* Gantt_Street_Baptist_ChurchUITests.swift */ = {isa = PBXFileReference; lastKnownFileType = sourcecode.swift; path = Gantt_Street_Baptist_ChurchUITests.swift; sourceTree = "<group>"; };
		10B516E21BBAC661009E177A /* Info.plist */ = {isa = PBXFileReference; lastKnownFileType = text.plist.xml; path = Info.plist; sourceTree = "<group>"; };
		10CDF3471BBB75D3003224F8 /* MainViewController.swift */ = {isa = PBXFileReference; fileEncoding = 4; lastKnownFileType = sourcecode.swift; name = MainViewController.swift; path = ../MainViewController.swift; sourceTree = "<group>"; };
		5E6768F01BC766940057CB23 /* MediaPlayer.framework */ = {isa = PBXFileReference; lastKnownFileType = wrapper.framework; name = MediaPlayer.framework; path = System/Library/Frameworks/MediaPlayer.framework; sourceTree = SDKROOT; };
/* End PBXFileReference section */

/* Begin PBXFrameworksBuildPhase section */
		10B516B81BBAC661009E177A /* Frameworks */ = {
			isa = PBXFrameworksBuildPhase;
			buildActionMask = 2147483647;
			files = (
				5E6768F11BC766940057CB23 /* MediaPlayer.framework in Frameworks */,
			);
			runOnlyForDeploymentPostprocessing = 0;
		};
		10B516CE1BBAC661009E177A /* Frameworks */ = {
			isa = PBXFrameworksBuildPhase;
			buildActionMask = 2147483647;
			files = (
			);
			runOnlyForDeploymentPostprocessing = 0;
		};
		10B516D91BBAC661009E177A /* Frameworks */ = {
			isa = PBXFrameworksBuildPhase;
			buildActionMask = 2147483647;
			files = (
			);
			runOnlyForDeploymentPostprocessing = 0;
		};
/* End PBXFrameworksBuildPhase section */

/* Begin PBXGroup section */
		10B516B21BBAC661009E177A = {
			isa = PBXGroup;
			children = (
				5E6768F01BC766940057CB23 /* MediaPlayer.framework */,
				10B516BD1BBAC661009E177A /* Gantt Street Baptist Church */,
				10B516D41BBAC661009E177A /* Gantt Street Baptist ChurchTests */,
				10B516DF1BBAC661009E177A /* Gantt Street Baptist ChurchUITests */,
				10B516BC1BBAC661009E177A /* Products */,
			);
			sourceTree = "<group>";
		};
		10B516BC1BBAC661009E177A /* Products */ = {
			isa = PBXGroup;
			children = (
				10B516BB1BBAC661009E177A /* Gantt Street Baptist Church.app */,
				10B516D11BBAC661009E177A /* Gantt Street Baptist ChurchTests.xctest */,
				10B516DC1BBAC661009E177A /* Gantt Street Baptist ChurchUITests.xctest */,
			);
			name = Products;
			sourceTree = "<group>";
		};
		10B516BD1BBAC661009E177A /* Gantt Street Baptist Church */ = {
			isa = PBXGroup;
			children = (
				10CDF3471BBB75D3003224F8 /* MainViewController.swift */,
				10B516BE1BBAC661009E177A /* AppDelegate.swift */,
				10B516C41BBAC661009E177A /* Main.storyboard */,
				10B516C71BBAC661009E177A /* Assets.xcassets */,
				10B516C91BBAC661009E177A /* LaunchScreen.storyboard */,
				10B516CC1BBAC661009E177A /* Info.plist */,
			);
			path = "Gantt Street Baptist Church";
			sourceTree = "<group>";
		};
		10B516D41BBAC661009E177A /* Gantt Street Baptist ChurchTests */ = {
			isa = PBXGroup;
			children = (
				10B516D51BBAC661009E177A /* Gantt_Street_Baptist_ChurchTests.swift */,
				10B516D71BBAC661009E177A /* Info.plist */,
			);
			path = "Gantt Street Baptist ChurchTests";
			sourceTree = "<group>";
		};
		10B516DF1BBAC661009E177A /* Gantt Street Baptist ChurchUITests */ = {
			isa = PBXGroup;
			children = (
				10B516E01BBAC661009E177A /* Gantt_Street_Baptist_ChurchUITests.swift */,
				10B516E21BBAC661009E177A /* Info.plist */,
			);
			path = "Gantt Street Baptist ChurchUITests";
			sourceTree = "<group>";
		};
/* End PBXGroup section */

/* Begin PBXNativeTarget section */
		10B516BA1BBAC661009E177A /* Gantt Street Baptist Church */ = {
			isa = PBXNativeTarget;
			buildConfigurationList = 10B516E51BBAC661009E177A /* Build configuration list for PBXNativeTarget "Gantt Street Baptist Church" */;
			buildPhases = (
				10B516B71BBAC661009E177A /* Sources */,
				10B516B81BBAC661009E177A /* Frameworks */,
				10B516B91BBAC661009E177A /* Resources */,
			);
			buildRules = (
			);
			dependencies = (
			);
			name = "Gantt Street Baptist Church";
			productName = "Gantt Street Baptist Church";
			productReference = 10B516BB1BBAC661009E177A /* Gantt Street Baptist Church.app */;
			productType = "com.apple.product-type.application";
		};
		10B516D01BBAC661009E177A /* Gantt Street Baptist ChurchTests */ = {
			isa = PBXNativeTarget;
			buildConfigurationList = 10B516E81BBAC661009E177A /* Build configuration list for PBXNativeTarget "Gantt Street Baptist ChurchTests" */;
			buildPhases = (
				10B516CD1BBAC661009E177A /* Sources */,
				10B516CE1BBAC661009E177A /* Frameworks */,
				10B516CF1BBAC661009E177A /* Resources */,
			);
			buildRules = (
			);
			dependencies = (
				10B516D31BBAC661009E177A /* PBXTargetDependency */,
			);
			name = "Gantt Street Baptist ChurchTests";
			productName = "Gantt Street Baptist ChurchTests";
			productReference = 10B516D11BBAC661009E177A /* Gantt Street Baptist ChurchTests.xctest */;
			productType = "com.apple.product-type.bundle.unit-test";
		};
		10B516DB1BBAC661009E177A /* Gantt Street Baptist ChurchUITests */ = {
			isa = PBXNativeTarget;
			buildConfigurationList = 10B516EB1BBAC661009E177A /* Build configuration list for PBXNativeTarget "Gantt Street Baptist ChurchUITests" */;
			buildPhases = (
				10B516D81BBAC661009E177A /* Sources */,
				10B516D91BBAC661009E177A /* Frameworks */,
				10B516DA1BBAC661009E177A /* Resources */,
			);
			buildRules = (
			);
			dependencies = (
				10B516DE1BBAC661009E177A /* PBXTargetDependency */,
			);
			name = "Gantt Street Baptist ChurchUITests";
			productName = "Gantt Street Baptist ChurchUITests";
			productReference = 10B516DC1BBAC661009E177A /* Gantt Street Baptist ChurchUITests.xctest */;
			productType = "com.apple.product-type.bundle.ui-testing";
		};
/* End PBXNativeTarget section */

/* Begin PBXProject section */
		10B516B31BBAC661009E177A /* Project object */ = {
			isa = PBXProject;
			attributes = {
				LastUpgradeCheck = 0700;
				ORGANIZATIONNAME = GSBC;
				TargetAttributes = {
					10B516BA1BBAC661009E177A = {
						CreatedOnToolsVersion = 7.0.1;
					};
					10B516D01BBAC661009E177A = {
						CreatedOnToolsVersion = 7.0.1;
						TestTargetID = 10B516BA1BBAC661009E177A;
					};
					10B516DB1BBAC661009E177A = {
						CreatedOnToolsVersion = 7.0.1;
						TestTargetID = 10B516BA1BBAC661009E177A;
					};
				};
			};
			buildConfigurationList = 10B516B61BBAC661009E177A /* Build configuration list for PBXProject "Gantt Street Baptist Church" */;
			compatibilityVersion = "Xcode 3.2";
			developmentRegion = English;
			hasScannedForEncodings = 0;
			knownRegions = (
				en,
				Base,
			);
			mainGroup = 10B516B21BBAC661009E177A;
			productRefGroup = 10B516BC1BBAC661009E177A /* Products */;
			projectDirPath = "";
			projectRoot = "";
			targets = (
				10B516BA1BBAC661009E177A /* Gantt Street Baptist Church */,
				10B516D01BBAC661009E177A /* Gantt Street Baptist ChurchTests */,
				10B516DB1BBAC661009E177A /* Gantt Street Baptist ChurchUITests */,
			);
		};
/* End PBXProject section */

/* Begin PBXResourcesBuildPhase section */
		10B516B91BBAC661009E177A /* Resources */ = {
			isa = PBXResourcesBuildPhase;
			buildActionMask = 2147483647;
			files = (
				10B516CB1BBAC661009E177A /* LaunchScreen.storyboard in Resources */,
				10B516C81BBAC661009E177A /* Assets.xcassets in Resources */,
				10B516C61BBAC661009E177A /* Main.storyboard in Resources */,
			);
			runOnlyForDeploymentPostprocessing = 0;
		};
		10B516CF1BBAC661009E177A /* Resources */ = {
			isa = PBXResourcesBuildPhase;
			buildActionMask = 2147483647;
			files = (
			);
			runOnlyForDeploymentPostprocessing = 0;
		};
		10B516DA1BBAC661009E177A /* Resources */ = {
			isa = PBXResourcesBuildPhase;
			buildActionMask = 2147483647;
			files = (
			);
			runOnlyForDeploymentPostprocessing = 0;
		};
/* End PBXResourcesBuildPhase section */

/* Begin PBXSourcesBuildPhase section */
		10B516B71BBAC661009E177A /* Sources */ = {
			isa = PBXSourcesBuildPhase;
			buildActionMask = 2147483647;
			files = (
				10CDF3481BBB75D3003224F8 /* MainViewController.swift in Sources */,
				10B516BF1BBAC661009E177A /* AppDelegate.swift in Sources */,
			);
			runOnlyForDeploymentPostprocessing = 0;
		};
		10B516CD1BBAC661009E177A /* Sources */ = {
			isa = PBXSourcesBuildPhase;
			buildActionMask = 2147483647;
			files = (
				10B516D61BBAC661009E177A /* Gantt_Street_Baptist_ChurchTests.swift in Sources */,
			);
			runOnlyForDeploymentPostprocessing = 0;
		};
		10B516D81BBAC661009E177A /* Sources */ = {
			isa = PBXSourcesBuildPhase;
			buildActionMask = 2147483647;
			files = (
				10B516E11BBAC661009E177A /* Gantt_Street_Baptist_ChurchUITests.swift in Sources */,
			);
			runOnlyForDeploymentPostprocessing = 0;
		};
/* End PBXSourcesBuildPhase section */

/* Begin PBXTargetDependency section */
		10B516D31BBAC661009E177A /* PBXTargetDependency */ = {
			isa = PBXTargetDependency;
			target = 10B516BA1BBAC661009E177A /* Gantt Street Baptist Church */;
			targetProxy = 10B516D21BBAC661009E177A /* PBXContainerItemProxy */;
		};
		10B516DE1BBAC661009E177A /* PBXTargetDependency */ = {
			isa = PBXTargetDependency;
			target = 10B516BA1BBAC661009E177A /* Gantt Street Baptist Church */;
			targetProxy = 10B516DD1BBAC661009E177A /* PBXContainerItemProxy */;
		};
/* End PBXTargetDependency section */

/* Begin PBXVariantGroup section */
		10B516C41BBAC661009E177A /* Main.storyboard */ = {
			isa = PBXVariantGroup;
			children = (
				10B516C51BBAC661009E177A /* Base */,
			);
			name = Main.storyboard;
			sourceTree = "<group>";
		};
		10B516C91BBAC661009E177A /* LaunchScreen.storyboard */ = {
			isa = PBXVariantGroup;
			children = (
				10B516CA1BBAC661009E177A /* Base */,
			);
			name = LaunchScreen.storyboard;
			sourceTree = "<group>";
		};
/* End PBXVariantGroup section */

/* Begin XCBuildConfiguration section */
		10B516E31BBAC661009E177A /* Debug */ = {
			isa = XCBuildConfiguration;
			buildSettings = {
				ALWAYS_SEARCH_USER_PATHS = NO;
				CLANG_CXX_LANGUAGE_STANDARD = "gnu++0x";
				CLANG_CXX_LIBRARY = "libc++";
				CLANG_ENABLE_MODULES = YES;
				CLANG_ENABLE_OBJC_ARC = YES;
				CLANG_WARN_BOOL_CONVERSION = YES;
				CLANG_WARN_CONSTANT_CONVERSION = YES;
				CLANG_WARN_DIRECT_OBJC_ISA_USAGE = YES_ERROR;
				CLANG_WARN_EMPTY_BODY = YES;
				CLANG_WARN_ENUM_CONVERSION = YES;
				CLANG_WARN_INT_CONVERSION = YES;
				CLANG_WARN_OBJC_ROOT_CLASS = YES_ERROR;
				CLANG_WARN_UNREACHABLE_CODE = YES;
				CLANG_WARN__DUPLICATE_METHOD_MATCH = YES;
				"CODE_SIGN_IDENTITY[sdk=iphoneos*]" = "iPhone Developer";
				COPY_PHASE_STRIP = NO;
				DEBUG_INFORMATION_FORMAT = dwarf;
				ENABLE_STRICT_OBJC_MSGSEND = YES;
				ENABLE_TESTABILITY = YES;
				GCC_C_LANGUAGE_STANDARD = gnu99;
				GCC_DYNAMIC_NO_PIC = NO;
				GCC_NO_COMMON_BLOCKS = YES;
				GCC_OPTIMIZATION_LEVEL = 0;
				GCC_PREPROCESSOR_DEFINITIONS = (
					"DEBUG=1",
					"$(inherited)",
				);
				GCC_WARN_64_TO_32_BIT_CONVERSION = YES;
				GCC_WARN_ABOUT_RETURN_TYPE = YES_ERROR;
				GCC_WARN_UNDECLARED_SELECTOR = YES;
				GCC_WARN_UNINITIALIZED_AUTOS = YES_AGGRESSIVE;
				GCC_WARN_UNUSED_FUNCTION = YES;
				GCC_WARN_UNUSED_VARIABLE = YES;
				IPHONEOS_DEPLOYMENT_TARGET = 9.0;
				MTL_ENABLE_DEBUG_INFO = YES;
				ONLY_ACTIVE_ARCH = YES;
				SDKROOT = iphoneos;
				SWIFT_OPTIMIZATION_LEVEL = "-Onone";
				TARGETED_DEVICE_FAMILY = "1,2";
			};
			name = Debug;
		};
		10B516E41BBAC661009E177A /* Release */ = {
			isa = XCBuildConfiguration;
			buildSettings = {
				ALWAYS_SEARCH_USER_PATHS = NO;
				CLANG_CXX_LANGUAGE_STANDARD = "gnu++0x";
				CLANG_CXX_LIBRARY = "libc++";
				CLANG_ENABLE_MODULES = YES;
				CLANG_ENABLE_OBJC_ARC = YES;
				CLANG_WARN_BOOL_CONVERSION = YES;
				CLANG_WARN_CONSTANT_CONVERSION = YES;
				CLANG_WARN_DIRECT_OBJC_ISA_USAGE = YES_ERROR;
				CLANG_WARN_EMPTY_BODY = YES;
				CLANG_WARN_ENUM_CONVERSION = YES;
				CLANG_WARN_INT_CONVERSION = YES;
				CLANG_WARN_OBJC_ROOT_CLASS = YES_ERROR;
				CLANG_WARN_UNREACHABLE_CODE = YES;
				CLANG_WARN__DUPLICATE_METHOD_MATCH = YES;
				"CODE_SIGN_IDENTITY[sdk=iphoneos*]" = "iPhone Developer";
				COPY_PHASE_STRIP = NO;
				DEBUG_INFORMATION_FORMAT = "dwarf-with-dsym";
				ENABLE_NS_ASSERTIONS = NO;
				ENABLE_STRICT_OBJC_MSGSEND = YES;
				GCC_C_LANGUAGE_STANDARD = gnu99;
				GCC_NO_COMMON_BLOCKS = YES;
				GCC_WARN_64_TO_32_BIT_CONVERSION = YES;
				GCC_WARN_ABOUT_RETURN_TYPE = YES_ERROR;
				GCC_WARN_UNDECLARED_SELECTOR = YES;
				GCC_WARN_UNINITIALIZED_AUTOS = YES_AGGRESSIVE;
				GCC_WARN_UNUSED_FUNCTION = YES;
				GCC_WARN_UNUSED_VARIABLE = YES;
				IPHONEOS_DEPLOYMENT_TARGET = 9.0;
				MTL_ENABLE_DEBUG_INFO = NO;
				SDKROOT = iphoneos;
				TARGETED_DEVICE_FAMILY = "1,2";
				VALIDATE_PRODUCT = YES;
			};
			name = Release;
		};
		10B516E61BBAC661009E177A /* Debug */ = {
			isa = XCBuildConfiguration;
			buildSettings = {
				ASSETCATALOG_COMPILER_APPICON_NAME = AppIcon;
				INFOPLIST_FILE = "Gantt Street Baptist Church/Info.plist";
				LD_RUNPATH_SEARCH_PATHS = "$(inherited) @executable_path/Frameworks";
				PRODUCT_BUNDLE_IDENTIFIER = "org.ganttstreetbaptist.Gantt-Street-Baptist-Church";
				PRODUCT_NAME = "$(TARGET_NAME)";
			};
			name = Debug;
		};
		10B516E71BBAC661009E177A /* Release */ = {
			isa = XCBuildConfiguration;
			buildSettings = {
				ASSETCATALOG_COMPILER_APPICON_NAME = AppIcon;
				INFOPLIST_FILE = "Gantt Street Baptist Church/Info.plist";
				LD_RUNPATH_SEARCH_PATHS = "$(inherited) @executable_path/Frameworks";
				PRODUCT_BUNDLE_IDENTIFIER = "org.ganttstreetbaptist.Gantt-Street-Baptist-Church";
				PRODUCT_NAME = "$(TARGET_NAME)";
			};
			name = Release;
		};
		10B516E91BBAC661009E177A /* Debug */ = {
			isa = XCBuildConfiguration;
			buildSettings = {
				BUNDLE_LOADER = "$(TEST_HOST)";
				INFOPLIST_FILE = "Gantt Street Baptist ChurchTests/Info.plist";
				LD_RUNPATH_SEARCH_PATHS = "$(inherited) @executable_path/Frameworks @loader_path/Frameworks";
				PRODUCT_BUNDLE_IDENTIFIER = "org.ganttstreetbaptist.Gantt-Street-Baptist-ChurchTests";
				PRODUCT_NAME = "$(TARGET_NAME)";
				TEST_HOST = "$(BUILT_PRODUCTS_DIR)/Gantt Street Baptist Church.app/Gantt Street Baptist Church";
			};
			name = Debug;
		};
		10B516EA1BBAC661009E177A /* Release */ = {
			isa = XCBuildConfiguration;
			buildSettings = {
				BUNDLE_LOADER = "$(TEST_HOST)";
				INFOPLIST_FILE = "Gantt Street Baptist ChurchTests/Info.plist";
				LD_RUNPATH_SEARCH_PATHS = "$(inherited) @executable_path/Frameworks @loader_path/Frameworks";
				PRODUCT_BUNDLE_IDENTIFIER = "org.ganttstreetbaptist.Gantt-Street-Baptist-ChurchTests";
				PRODUCT_NAME = "$(TARGET_NAME)";
				TEST_HOST = "$(BUILT_PRODUCTS_DIR)/Gantt Street Baptist Church.app/Gantt Street Baptist Church";
			};
			name = Release;
		};
		10B516EC1BBAC661009E177A /* Debug */ = {
			isa = XCBuildConfiguration;
			buildSettings = {
				INFOPLIST_FILE = "Gantt Street Baptist ChurchUITests/Info.plist";
				LD_RUNPATH_SEARCH_PATHS = "$(inherited) @executable_path/Frameworks @loader_path/Frameworks";
				PRODUCT_BUNDLE_IDENTIFIER = "org.ganttstreetbaptist.Gantt-Street-Baptist-ChurchUITests";
				PRODUCT_NAME = "$(TARGET_NAME)";
				TEST_TARGET_NAME = "Gantt Street Baptist Church";
				USES_XCTRUNNER = YES;
			};
			name = Debug;
		};
		10B516ED1BBAC661009E177A /* Release */ = {
			isa = XCBuildConfiguration;
			buildSettings = {
				INFOPLIST_FILE = "Gantt Street Baptist ChurchUITests/Info.plist";
				LD_RUNPATH_SEARCH_PATHS = "$(inherited) @executable_path/Frameworks @loader_path/Frameworks";
				PRODUCT_BUNDLE_IDENTIFIER = "org.ganttstreetbaptist.Gantt-Street-Baptist-ChurchUITests";
				PRODUCT_NAME = "$(TARGET_NAME)";
				TEST_TARGET_NAME = "Gantt Street Baptist Church";
				USES_XCTRUNNER = YES;
			};
			name = Release;
		};
/* End XCBuildConfiguration section */

/* Begin XCConfigurationList section */
		10B516B61BBAC661009E177A /* Build configuration list for PBXProject "Gantt Street Baptist Church" */ = {
			isa = XCConfigurationList;
			buildConfigurations = (
				10B516E31BBAC661009E177A /* Debug */,
				10B516E41BBAC661009E177A /* Release */,
			);
			defaultConfigurationIsVisible = 0;
			defaultConfigurationName = Release;
		};
		10B516E51BBAC661009E177A /* Build configuration list for PBXNativeTarget "Gantt Street Baptist Church" */ = {
			isa = XCConfigurationList;
			buildConfigurations = (
				10B516E61BBAC661009E177A /* Debug */,
				10B516E71BBAC661009E177A /* Release */,
			);
			defaultConfigurationIsVisible = 0;
			defaultConfigurationName = Release;
		};
		10B516E81BBAC661009E177A /* Build configuration list for PBXNativeTarget "Gantt Street Baptist ChurchTests" */ = {
			isa = XCConfigurationList;
			buildConfigurations = (
				10B516E91BBAC661009E177A /* Debug */,
				10B516EA1BBAC661009E177A /* Release */,
			);
			defaultConfigurationIsVisible = 0;
			defaultConfigurationName = Release;
		};
		10B516EB1BBAC661009E177A /* Build configuration list for PBXNativeTarget "Gantt Street Baptist ChurchUITests" */ = {
			isa = XCConfigurationList;
			buildConfigurations = (
				10B516EC1BBAC661009E177A /* Debug */,
				10B516ED1BBAC661009E177A /* Release */,
			);
			defaultConfigurationIsVisible = 0;
			defaultConfigurationName = Release;
		};
/* End XCConfigurationList section */
	};
	rootObject = 10B516B31BBAC661009E177A /* Project object */;
}
